{
  "name": "sails-disk",
  "version": "0.10.10",
  "dependencies": {
    "async": {
      "version": "2.0.1",
      "from": "async@2.0.1",
      "resolved": "https://registry.npmjs.org/async/-/async-2.0.1.tgz",
      "dependencies": {
        "lodash": {
          "version": "4.16.4",
          "from": "lodash@>=4.8.0 <5.0.0",
          "resolved": "https://registry.npmjs.org/lodash/-/lodash-4.16.4.tgz"
        }
      }
    },
    "fs-extra": {
      "version": "0.30.0",
      "from": "fs-extra@0.30.0",
      "resolved": "https://registry.npmjs.org/fs-extra/-/fs-extra-0.30.0.tgz",
      "dependencies": {
        "graceful-fs": {
          "version": "4.1.9",
          "from": "graceful-fs@>=4.1.2 <5.0.0",
          "resolved": "https://registry.npmjs.org/graceful-fs/-/graceful-fs-4.1.9.tgz"
        },
        "jsonfile": {
          "version": "2.4.0",
          "from": "jsonfile@>=2.1.0 <3.0.0",
          "resolved": "https://registry.npmjs.org/jsonfile/-/jsonfile-2.4.0.tgz"
        },
        "klaw": {
          "version": "1.3.0",
          "from": "klaw@>=1.0.0 <2.0.0",
          "resolved": "https://registry.npmjs.org/klaw/-/klaw-1.3.0.tgz"
        },
        "path-is-absolute": {
          "version": "1.0.1",
          "from": "path-is-absolute@>=1.0.0 <2.0.0",
          "resolved": "https://registry.npmjs.org/path-is-absolute/-/path-is-absolute-1.0.1.tgz"
        },
        "rimraf": {
          "version": "2.5.4",
          "from": "rimraf@>=2.2.8 <3.0.0",
          "resolved": "https://registry.npmjs.org/rimraf/-/rimraf-2.5.4.tgz",
          "dependencies": {
            "glob": {
              "version": "7.1.1",
              "from": "glob@>=7.0.5 <8.0.0",
              "resolved": "https://registry.npmjs.org/glob/-/glob-7.1.1.tgz",
              "dependencies": {
                "fs.realpath": {
                  "version": "1.0.0",
                  "from": "fs.realpath@>=1.0.0 <2.0.0",
                  "resolved": "https://registry.npmjs.org/fs.realpath/-/fs.realpath-1.0.0.tgz"
                },
                "inflight": {
                  "version": "1.0.5",
                  "from": "inflight@>=1.0.4 <2.0.0",
                  "resolved": "https://registry.npmjs.org/inflight/-/inflight-1.0.5.tgz",
                  "dependencies": {
                    "wrappy": {
                      "version": "1.0.2",
                      "from": "wrappy@>=1.0.0 <2.0.0",
                      "resolved": "https://registry.npmjs.org/wrappy/-/wrappy-1.0.2.tgz"
                    }
                  }
                },
                "inherits": {
                  "version": "2.0.3",
                  "from": "inherits@>=2.0.0 <3.0.0",
                  "resolved": "https://registry.npmjs.org/inherits/-/inherits-2.0.3.tgz"
                },
                "minimatch": {
                  "version": "3.0.3",
                  "from": "minimatch@>=3.0.2 <4.0.0",
                  "resolved": "https://registry.npmjs.org/minimatch/-/minimatch-3.0.3.tgz",
                  "dependencies": {
                    "brace-expansion": {
                      "version": "1.1.6",
                      "from": "brace-expansion@>=1.0.0 <2.0.0",
                      "resolved": "https://registry.npmjs.org/brace-expansion/-/brace-expansion-1.1.6.tgz",
                      "dependencies": {
                        "balanced-match": {
                          "version": "0.4.2",
                          "from": "balanced-match@>=0.4.1 <0.5.0",
                          "resolved": "https://registry.npmjs.org/balanced-match/-/balanced-match-0.4.2.tgz"
                        },
                        "concat-map": {
                          "version": "0.0.1",
                          "from": "concat-map@0.0.1",
                          "resolved": "https://registry.npmjs.org/concat-map/-/concat-map-0.0.1.tgz"
                        }
                      }
                    }
                  }
                },
                "once": {
                  "version": "1.4.0",
                  "from": "once@>=1.3.0 <2.0.0",
                  "resolved": "https://registry.npmjs.org/once/-/once-1.4.0.tgz",
                  "dependencies": {
                    "wrappy": {
                      "version": "1.0.2",
                      "from": "wrappy@>=1.0.0 <2.0.0",
                      "resolved": "https://registry.npmjs.org/wrappy/-/wrappy-1.0.2.tgz"
                    }
                  }
                }
              }
            }
          }
        }
      }
    },
    "lodash": {
      "version": "3.10.1",
      "from": "lodash@3.10.1",
      "resolved": "https://registry.npmjs.org/lodash/-/lodash-3.10.1.tgz"
    },
    "waterline-criteria": {
      "version": "1.0.1",
      "from": "waterline-criteria@>=1.0.1 <2.0.0",
      "resolved": "https://registry.npmjs.org/waterline-criteria/-/waterline-criteria-1.0.1.tgz"
    },
    "waterline-cursor": {
      "version": "0.0.7",
      "from": "waterline-cursor@>=0.0.7 <0.1.0",
      "resolved": "https://registry.npmjs.org/waterline-cursor/-/waterline-cursor-0.0.7.tgz",
      "dependencies": {
        "async": {
          "version": "1.5.2",
          "from": "async@1.5.2",
          "resolved": "https://registry.npmjs.org/async/-/async-1.5.2.tgz"
        }
      }
    },
    "waterline-errors": {
      "version": "0.10.1",
      "from": "waterline-errors@0.10.1",
      "resolved": "https://registry.npmjs.org/waterline-errors/-/waterline-errors-0.10.1.tgz"
    }
  }
}
